
Microsoft Visual Studio Solution File, Format Version 12.00
# Visual Studio Version 17
VisualStudioVersion = 17.4.33213.308
MinimumVisualStudioVersion = 10.0.40219.1
Project("{FAE04EC0-301F-11D3-BF4B-00C04F79EFBC}") = "Twitter", "Twitter\Twitter.csproj", "{7C1A782E-57D4-48B2-B922-F7C8811B75AB}"
EndProject
Global
	GlobalSection(SolutionConfigurationPlatforms) = preSolution
		Debug|Any CPU = Debug|Any CPU
		Release|Any CPU = Release|Any CPU
	EndGlobalSection
	GlobalSection(ProjectConfigurationPlatforms) = postSolution
		{7C1A782E-57D4-48B2-B922-F7C8811B75AB}.Debug|Any CPU.ActiveCfg = Debug|Any CPU
		{7C1A782E-57D4-48B2-B922-F7C8811B75AB}.Debug|Any CPU.Build.0 = Debug|Any CPU
		{7C1A782E-57D4-48B2-B922-F7C8811B75AB}.Release|Any CPU.ActiveCfg = Release|Any CPU
		{7C1A782E-57D4-48B2-B922-F7C8811B75AB}.Release|Any CPU.Build.0 = Release|Any CPU
	EndGlobalSection
	GlobalSection(SolutionProperties) = preSolution
		HideSolutionNode = FALSE
	EndGlobalSection
	GlobalSection(ExtensibilityGlobals) = postSolution
		SolutionGuid = {ED356A58-9D55-4282-91B1-F0FD22400D0E}
	EndGlobalSection
EndGlobal
